
Microsoft Visual Studio Solution File, Format Version 12.00
# Visual Studio Version 16
VisualStudioVersion = 16.0.29613.14
MinimumVisualStudioVersion = 10.0.40219.1
Project("{FAE04EC0-301F-11D3-BF4B-00C04F79EFBC}") = "CyberpunkHelper.UWP", "CyberpunkHelper\CyberpunkHelper.UWP\CyberpunkHelper.UWP.csproj", "{28702E27-E9DD-4D57-8C0B-E9345C7DC665}"
EndProject
Project("{FAE04EC0-301F-11D3-BF4B-00C04F79EFBC}") = "CyberpunkHelper.Android", "CyberpunkHelper\CyberpunkHelper.Android\CyberpunkHelper.Android.csproj", "{A4B7815F-F260-4B23-8B88-A265F9ED0C67}"
EndProject
Project("{FAE04EC0-301F-11D3-BF4B-00C04F79EFBC}") = "CyberpunkHelper.iOS", "CyberpunkHelper\CyberpunkHelper.iOS\CyberpunkHelper.iOS.csproj", "{1173903F-9ACF-44B8-8CB6-9E4721FB8B9E}"
EndProject
Project("{FAE04EC0-301F-11D3-BF4B-00C04F79EFBC}") = "CyberpunkHelper", "CyberpunkHelper\CyberpunkHelper\CyberpunkHelper.csproj", "{C4F9A93F-EA9F-4824-AD90-4B7023818B24}"
EndProject
Global
	GlobalSection(SolutionConfigurationPlatforms) = preSolution
		Debug|Any CPU = Debug|Any CPU
		Debug|ARM = Debug|ARM
		Debug|iPhone = Debug|iPhone
		Debug|iPhoneSimulator = Debug|iPhoneSimulator
		Debug|x64 = Debug|x64
		Debug|x86 = Debug|x86
		Release|Any CPU = Release|Any CPU
		Release|ARM = Release|ARM
		Release|iPhone = Release|iPhone
		Release|iPhoneSimulator = Release|iPhoneSimulator
		Release|x64 = Release|x64
		Release|x86 = Release|x86
	EndGlobalSection
	GlobalSection(ProjectConfigurationPlatforms) = postSolution
		{28702E27-E9DD-4D57-8C0B-E9345C7DC665}.Debug|Any CPU.ActiveCfg = Debug|x86
		{28702E27-E9DD-4D57-8C0B-E9345C7DC665}.Debug|Any CPU.Build.0 = Debug|x86
		{28702E27-E9DD-4D57-8C0B-E9345C7DC665}.Debug|Any CPU.Deploy.0 = Debug|x86
		{28702E27-E9DD-4D57-8C0B-E9345C7DC665}.Debug|ARM.ActiveCfg = Debug|ARM
		{28702E27-E9DD-4D57-8C0B-E9345C7DC665}.Debug|ARM.Build.0 = Debug|ARM
		{28702E27-E9DD-4D57-8C0B-E9345C7DC665}.Debug|ARM.Deploy.0 = Debug|ARM
		{28702E27-E9DD-4D57-8C0B-E9345C7DC665}.Debug|iPhone.ActiveCfg = Debug|x86
		{28702E27-E9DD-4D57-8C0B-E9345C7DC665}.Debug|iPhone.Build.0 = Debug|x86
		{28702E27-E9DD-4D57-8C0B-E9345C7DC665}.Debug|iPhone.Deploy.0 = Debug|x86
		{28702E27-E9DD-4D57-8C0B-E9345C7DC665}.Debug|iPhoneSimulator.ActiveCfg = Debug|x86
		{28702E27-E9DD-4D57-8C0B-E9345C7DC665}.Debug|iPhoneSimulator.Build.0 = Debug|x86
		{28702E27-E9DD-4D57-8C0B-E9345C7DC665}.Debug|iPhoneSimulator.Deploy.0 = Debug|x86
		{28702E27-E9DD-4D57-8C0B-E9345C7DC665}.Debug|x64.ActiveCfg = Debug|x64
		{28702E27-E9DD-4D57-8C0B-E9345C7DC665}.Debug|x64.Build.0 = Debug|x64
		{28702E27-E9DD-4D57-8C0B-E9345C7DC665}.Debug|x64.Deploy.0 = Debug|x64
		{28702E27-E9DD-4D57-8C0B-E9345C7DC665}.Debug|x86.ActiveCfg = Debug|x86
		{28702E27-E9DD-4D57-8C0B-E9345C7DC665}.Debug|x86.Build.0 = Debug|x86
		{28702E27-E9DD-4D57-8C0B-E9345C7DC665}.Debug|x86.Deploy.0 = Debug|x86
		{28702E27-E9DD-4D57-8C0B-E9345C7DC665}.Release|Any CPU.ActiveCfg = Release|x86
		{28702E27-E9DD-4D57-8C0B-E9345C7DC665}.Release|Any CPU.Build.0 = Release|x86
		{28702E27-E9DD-4D57-8C0B-E9345C7DC665}.Release|Any CPU.Deploy.0 = Release|x86
		{28702E27-E9DD-4D57-8C0B-E9345C7DC665}.Release|ARM.ActiveCfg = Release|ARM
		{28702E27-E9DD-4D57-8C0B-E9345C7DC665}.Release|ARM.Build.0 = Release|ARM
		{28702E27-E9DD-4D57-8C0B-E9345C7DC665}.Release|ARM.Deploy.0 = Release|ARM
		{28702E27-E9DD-4D57-8C0B-E9345C7DC665}.Release|iPhone.ActiveCfg = Release|x86
		{28702E27-E9DD-4D57-8C0B-E9345C7DC665}.Release|iPhone.Build.0 = Release|x86
		{28702E27-E9DD-4D57-8C0B-E9345C7DC665}.Release|iPhone.Deploy.0 = Release|x86
		{28702E27-E9DD-4D57-8C0B-E9345C7DC665}.Release|iPhoneSimulator.ActiveCfg = Release|x86
		{28702E27-E9DD-4D57-8C0B-E9345C7DC665}.Release|iPhoneSimulator.Build.0 = Release|x86
		{28702E27-E9DD-4D57-8C0B-E9345C7DC665}.Release|iPhoneSimulator.Deploy.0 = Release|x86
		{28702E27-E9DD-4D57-8C0B-E9345C7DC665}.Release|x64.ActiveCfg = Release|x64
		{28702E27-E9DD-4D57-8C0B-E9345C7DC665}.Release|x64.Build.0 = Release|x64
		{28702E27-E9DD-4D57-8C0B-E9345C7DC665}.Release|x64.Deploy.0 = Release|x64
		{28702E27-E9DD-4D57-8C0B-E9345C7DC665}.Release|x86.ActiveCfg = Release|x86
		{28702E27-E9DD-4D57-8C0B-E9345C7DC665}.Release|x86.Build.0 = Release|x86
		{28702E27-E9DD-4D57-8C0B-E9345C7DC665}.Release|x86.Deploy.0 = Release|x86
		{A4B7815F-F260-4B23-8B88-A265F9ED0C67}.Debug|Any CPU.ActiveCfg = Debug|Any CPU
		{A4B7815F-F260-4B23-8B88-A265F9ED0C67}.Debug|Any CPU.Build.0 = Debug|Any CPU
		{A4B7815F-F260-4B23-8B88-A265F9ED0C67}.Debug|Any CPU.Deploy.0 = Debug|Any CPU
		{A4B7815F-F260-4B23-8B88-A265F9ED0C67}.Debug|ARM.ActiveCfg = Debug|Any CPU
		{A4B7815F-F260-4B23-8B88-A265F9ED0C67}.Debug|ARM.Build.0 = Debug|Any CPU
		{A4B7815F-F260-4B23-8B88-A265F9ED0C67}.Debug|ARM.Deploy.0 = Debug|Any CPU
		{A4B7815F-F260-4B23-8B88-A265F9ED0C67}.Debug|iPhone.ActiveCfg = Debug|Any CPU
		{A4B7815F-F260-4B23-8B88-A265F9ED0C67}.Debug|iPhone.Build.0 = Debug|Any CPU
		{A4B7815F-F260-4B23-8B88-A265F9ED0C67}.Debug|iPhone.Deploy.0 = Debug|Any CPU
		{A4B7815F-F260-4B23-8B88-A265F9ED0C67}.Debug|iPhoneSimulator.ActiveCfg = Debug|Any CPU
		{A4B7815F-F260-4B23-8B88-A265F9ED0C67}.Debug|iPhoneSimulator.Build.0 = Debug|Any CPU
		{A4B7815F-F260-4B23-8B88-A265F9ED0C67}.Debug|iPhoneSimulator.Deploy.0 = Debug|Any CPU
		{A4B7815F-F260-4B23-8B88-A265F9ED0C67}.Debug|x64.ActiveCfg = Debug|Any CPU
		{A4B7815F-F260-4B23-8B88-A265F9ED0C67}.Debug|x64.Build.0 = Debug|Any CPU
		{A4B7815F-F260-4B23-8B88-A265F9ED0C67}.Debug|x64.Deploy.0 = Debug|Any CPU
		{A4B7815F-F260-4B23-8B88-A265F9ED0C67}.Debug|x86.ActiveCfg = Debug|Any CPU
		{A4B7815F-F260-4B23-8B88-A265F9ED0C67}.Debug|x86.Build.0 = Debug|Any CPU
		{A4B7815F-F260-4B23-8B88-A265F9ED0C67}.Debug|x86.Deploy.0 = Debug|Any CPU
		{A4B7815F-F260-4B23-8B88-A265F9ED0C67}.Release|Any CPU.ActiveCfg = Release|Any CPU
		{A4B7815F-F260-4B23-8B88-A265F9ED0C67}.Release|Any CPU.Build.0 = Release|Any CPU
		{A4B7815F-F260-4B23-8B88-A265F9ED0C67}.Release|Any CPU.Deploy.0 = Release|Any CPU
		{A4B7815F-F260-4B23-8B88-A265F9ED0C67}.Release|ARM.ActiveCfg = Release|Any CPU
		{A4B7815F-F260-4B23-8B88-A265F9ED0C67}.Release|ARM.Build.0 = Release|Any CPU
		{A4B7815F-F260-4B23-8B88-A265F9ED0C67}.Release|ARM.Deploy.0 = Release|Any CPU
		{A4B7815F-F260-4B23-8B88-A265F9ED0C67}.Release|iPhone.ActiveCfg = Release|Any CPU
		{A4B7815F-F260-4B23-8B88-A265F9ED0C67}.Release|iPhone.Build.0 = Release|Any CPU
		{A4B7815F-F260-4B23-8B88-A265F9ED0C67}.Release|iPhone.Deploy.0 = Release|Any CPU
		{A4B7815F-F260-4B23-8B88-A265F9ED0C67}.Release|iPhoneSimulator.ActiveCfg = Release|Any CPU
		{A4B7815F-F260-4B23-8B88-A265F9ED0C67}.Release|iPhoneSimulator.Build.0 = Release|Any CPU
		{A4B7815F-F260-4B23-8B88-A265F9ED0C67}.Release|iPhoneSimulator.Deploy.0 = Release|Any CPU
		{A4B7815F-F260-4B23-8B88-A265F9ED0C67}.Release|x64.ActiveCfg = Release|Any CPU
		{A4B7815F-F260-4B23-8B88-A265F9ED0C67}.Release|x64.Build.0 = Release|Any CPU
		{A4B7815F-F260-4B23-8B88-A265F9ED0C67}.Release|x64.Deploy.0 = Release|Any CPU
		{A4B7815F-F260-4B23-8B88-A265F9ED0C67}.Release|x86.ActiveCfg = Release|Any CPU
		{A4B7815F-F260-4B23-8B88-A265F9ED0C67}.Release|x86.Build.0 = Release|Any CPU
		{A4B7815F-F260-4B23-8B88-A265F9ED0C67}.Release|x86.Deploy.0 = Release|Any CPU
		{1173903F-9ACF-44B8-8CB6-9E4721FB8B9E}.Debug|Any CPU.ActiveCfg = Debug|iPhone
		{1173903F-9ACF-44B8-8CB6-9E4721FB8B9E}.Debug|Any CPU.Build.0 = Debug|iPhone
		{1173903F-9ACF-44B8-8CB6-9E4721FB8B9E}.Debug|Any CPU.Deploy.0 = Debug|iPhone
		{1173903F-9ACF-44B8-8CB6-9E4721FB8B9E}.Debug|ARM.ActiveCfg = Debug|iPhoneSimulator
		{1173903F-9ACF-44B8-8CB6-9E4721FB8B9E}.Debug|ARM.Build.0 = Debug|iPhoneSimulator
		{1173903F-9ACF-44B8-8CB6-9E4721FB8B9E}.Debug|ARM.Deploy.0 = Debug|iPhoneSimulator
		{1173903F-9ACF-44B8-8CB6-9E4721FB8B9E}.Debug|iPhone.ActiveCfg = Debug|iPhone
		{1173903F-9ACF-44B8-8CB6-9E4721FB8B9E}.Debug|iPhone.Build.0 = Debug|iPhone
		{1173903F-9ACF-44B8-8CB6-9E4721FB8B9E}.Debug|iPhone.Deploy.0 = Debug|iPhone
		{1173903F-9ACF-44B8-8CB6-9E4721FB8B9E}.Debug|iPhoneSimulator.ActiveCfg = Debug|iPhoneSimulator
		{1173903F-9ACF-44B8-8CB6-9E4721FB8B9E}.Debug|iPhoneSimulator.Build.0 = Debug|iPhoneSimulator
		{1173903F-9ACF-44B8-8CB6-9E4721FB8B9E}.Debug|iPhoneSimulator.Deploy.0 = Debug|iPhoneSimulator
		{1173903F-9ACF-44B8-8CB6-9E4721FB8B9E}.Debug|x64.ActiveCfg = Debug|iPhone
		{1173903F-9ACF-44B8-8CB6-9E4721FB8B9E}.Debug|x64.Build.0 = Debug|iPhone
		{1173903F-9ACF-44B8-8CB6-9E4721FB8B9E}.Debug|x64.Deploy.0 = Debug|iPhone
		{1173903F-9ACF-44B8-8CB6-9E4721FB8B9E}.Debug|x86.ActiveCfg = Debug|iPhone
		{1173903F-9ACF-44B8-8CB6-9E4721FB8B9E}.Debug|x86.Build.0 = Debug|iPhone
		{1173903F-9ACF-44B8-8CB6-9E4721FB8B9E}.Debug|x86.Deploy.0 = Debug|iPhone
		{1173903F-9ACF-44B8-8CB6-9E4721FB8B9E}.Release|Any CPU.ActiveCfg = Release|iPhone
		{1173903F-9ACF-44B8-8CB6-9E4721FB8B9E}.Release|Any CPU.Build.0 = Release|iPhone
		{1173903F-9ACF-44B8-8CB6-9E4721FB8B9E}.Release|Any CPU.Deploy.0 = Release|iPhone
		{1173903F-9ACF-44B8-8CB6-9E4721FB8B9E}.Release|ARM.ActiveCfg = Release|iPhone
		{1173903F-9ACF-44B8-8CB6-9E4721FB8B9E}.Release|ARM.Build.0 = Release|iPhone
		{1173903F-9ACF-44B8-8CB6-9E4721FB8B9E}.Release|ARM.Deploy.0 = Release|iPhone
		{1173903F-9ACF-44B8-8CB6-9E4721FB8B9E}.Release|iPhone.ActiveCfg = Release|iPhone
		{1173903F-9ACF-44B8-8CB6-9E4721FB8B9E}.Release|iPhone.Build.0 = Release|iPhone
		{1173903F-9ACF-44B8-8CB6-9E4721FB8B9E}.Release|iPhone.Deploy.0 = Release|iPhone
		{1173903F-9ACF-44B8-8CB6-9E4721FB8B9E}.Release|iPhoneSimulator.ActiveCfg = Release|iPhoneSimulator
		{1173903F-9ACF-44B8-8CB6-9E4721FB8B9E}.Release|iPhoneSimulator.Build.0 = Release|iPhoneSimulator
		{1173903F-9ACF-44B8-8CB6-9E4721FB8B9E}.Release|iPhoneSimulator.Deploy.0 = Release|iPhoneSimulator
		{1173903F-9ACF-44B8-8CB6-9E4721FB8B9E}.Release|x64.ActiveCfg = Release|iPhone
		{1173903F-9ACF-44B8-8CB6-9E4721FB8B9E}.Release|x64.Build.0 = Release|iPhone
		{1173903F-9ACF-44B8-8CB6-9E4721FB8B9E}.Release|x64.Deploy.0 = Release|iPhone
		{1173903F-9ACF-44B8-8CB6-9E4721FB8B9E}.Release|x86.ActiveCfg = Release|iPhone
		{1173903F-9ACF-44B8-8CB6-9E4721FB8B9E}.Release|x86.Build.0 = Release|iPhone
		{1173903F-9ACF-44B8-8CB6-9E4721FB8B9E}.Release|x86.Deploy.0 = Release|iPhone
		{C4F9A93F-EA9F-4824-AD90-4B7023818B24}.Debug|Any CPU.ActiveCfg = Debug|Any CPU
		{C4F9A93F-EA9F-4824-AD90-4B7023818B24}.Debug|Any CPU.Build.0 = Debug|Any CPU
		{C4F9A93F-EA9F-4824-AD90-4B7023818B24}.Debug|Any CPU.Deploy.0 = Debug|Any CPU
		{C4F9A93F-EA9F-4824-AD90-4B7023818B24}.Debug|ARM.ActiveCfg = Debug|Any CPU
		{C4F9A93F-EA9F-4824-AD90-4B7023818B24}.Debug|ARM.Build.0 = Debug|Any CPU
		{C4F9A93F-EA9F-4824-AD90-4B7023818B24}.Debug|ARM.Deploy.0 = Debug|Any CPU
		{C4F9A93F-EA9F-4824-AD90-4B7023818B24}.Debug|iPhone.ActiveCfg = Debug|Any CPU
		{C4F9A93F-EA9F-4824-AD90-4B7023818B24}.Debug|iPhone.Build.0 = Debug|Any CPU
		{C4F9A93F-EA9F-4824-AD90-4B7023818B24}.Debug|iPhone.Deploy.0 = Debug|Any CPU
		{C4F9A93F-EA9F-4824-AD90-4B7023818B24}.Debug|iPhoneSimulator.ActiveCfg = Debug|Any CPU
		{C4F9A93F-EA9F-4824-AD90-4B7023818B24}.Debug|iPhoneSimulator.Build.0 = Debug|Any CPU
		{C4F9A93F-EA9F-4824-AD90-4B7023818B24}.Debug|iPhoneSimulator.Deploy.0 = Debug|Any CPU
		{C4F9A93F-EA9F-4824-AD90-4B7023818B24}.Debug|x64.ActiveCfg = Debug|Any CPU
		{C4F9A93F-EA9F-4824-AD90-4B7023818B24}.Debug|x64.Build.0 = Debug|Any CPU
		{C4F9A93F-EA9F-4824-AD90-4B7023818B24}.Debug|x64.Deploy.0 = Debug|Any CPU
		{C4F9A93F-EA9F-4824-AD90-4B7023818B24}.Debug|x86.ActiveCfg = Debug|Any CPU
		{C4F9A93F-EA9F-4824-AD90-4B7023818B24}.Debug|x86.Build.0 = Debug|Any CPU
		{C4F9A93F-EA9F-4824-AD90-4B7023818B24}.Debug|x86.Deploy.0 = Debug|Any CPU
		{C4F9A93F-EA9F-4824-AD90-4B7023818B24}.Release|Any CPU.ActiveCfg = Release|Any CPU
		{C4F9A93F-EA9F-4824-AD90-4B7023818B24}.Release|Any CPU.Build.0 = Release|Any CPU
		{C4F9A93F-EA9F-4824-AD90-4B7023818B24}.Release|Any CPU.Deploy.0 = Release|Any CPU
		{C4F9A93F-EA9F-4824-AD90-4B7023818B24}.Release|ARM.ActiveCfg = Release|Any CPU
		{C4F9A93F-EA9F-4824-AD90-4B7023818B24}.Release|ARM.Build.0 = Release|Any CPU
		{C4F9A93F-EA9F-4824-AD90-4B7023818B24}.Release|ARM.Deploy.0 = Release|Any CPU
		{C4F9A93F-EA9F-4824-AD90-4B7023818B24}.Release|iPhone.ActiveCfg = Release|Any CPU
		{C4F9A93F-EA9F-4824-AD90-4B7023818B24}.Release|iPhone.Build.0 = Release|Any CPU
		{C4F9A93F-EA9F-4824-AD90-4B7023818B24}.Release|iPhone.Deploy.0 = Release|Any CPU
		{C4F9A93F-EA9F-4824-AD90-4B7023818B24}.Release|iPhoneSimulator.ActiveCfg = Release|Any CPU
		{C4F9A93F-EA9F-4824-AD90-4B7023818B24}.Release|iPhoneSimulator.Build.0 = Release|Any CPU
		{C4F9A93F-EA9F-4824-AD90-4B7023818B24}.Release|iPhoneSimulator.Deploy.0 = Release|Any CPU
		{C4F9A93F-EA9F-4824-AD90-4B7023818B24}.Release|x64.ActiveCfg = Release|Any CPU
		{C4F9A93F-EA9F-4824-AD90-4B7023818B24}.Release|x64.Build.0 = Release|Any CPU
		{C4F9A93F-EA9F-4824-AD90-4B7023818B24}.Release|x64.Deploy.0 = Release|Any CPU
		{C4F9A93F-EA9F-4824-AD90-4B7023818B24}.Release|x86.ActiveCfg = Release|Any CPU
		{C4F9A93F-EA9F-4824-AD90-4B7023818B24}.Release|x86.Build.0 = Release|Any CPU
		{C4F9A93F-EA9F-4824-AD90-4B7023818B24}.Release|x86.Deploy.0 = Release|Any CPU
	EndGlobalSection
	GlobalSection(SolutionProperties) = preSolution
		HideSolutionNode = FALSE
	EndGlobalSection
	GlobalSection(ExtensibilityGlobals) = postSolution
		SolutionGuid = {56857F3D-4CD1-4608-B3D2-C6E753EBD49C}
	EndGlobalSection
EndGlobal
